
Microsoft Visual Studio Solution File, Format Version 12.00
# Visual Studio 14
VisualStudioVersion = 14.0.23107.0
MinimumVisualStudioVersion = 10.0.40219.1
Project("{2150E333-8FDC-42A3-9474-1A3956D46DE8}") = "Tests", "Tests", "{415FA57F-6C73-4B0F-8429-715805AE96C4}"
EndProject
Project("{FAE04EC0-301F-11D3-BF4B-00C04F79EFBC}") = "MiniMapper.Core", "Source\MiniMapper.Core\MiniMapper.Core.csproj", "{7A936498-BD01-46EA-A855-D1611BDF034D}"
EndProject
Project("{FAE04EC0-301F-11D3-BF4B-00C04F79EFBC}") = "MiniMapper.Attributes", "Source\MiniMapper.Attributes\MiniMapper.Attributes.csproj", "{43E0A64B-66B2-436C-A533-63ABF4F9E274}"
EndProject
Project("{FAE04EC0-301F-11D3-BF4B-00C04F79EFBC}") = "TestConsole", "TestConsole\TestConsole.csproj", "{4ECDA44D-1945-4317-B4DB-D33968DDFFDF}"
EndProject
Global
	GlobalSection(SolutionConfigurationPlatforms) = preSolution
		Debug|Any CPU = Debug|Any CPU
		Release|Any CPU = Release|Any CPU
	EndGlobalSection
	GlobalSection(ProjectConfigurationPlatforms) = postSolution
		{7A936498-BD01-46EA-A855-D1611BDF034D}.Debug|Any CPU.ActiveCfg = Debug|Any CPU
		{7A936498-BD01-46EA-A855-D1611BDF034D}.Debug|Any CPU.Build.0 = Debug|Any CPU
		{7A936498-BD01-46EA-A855-D1611BDF034D}.Release|Any CPU.ActiveCfg = Release|Any CPU
		{7A936498-BD01-46EA-A855-D1611BDF034D}.Release|Any CPU.Build.0 = Release|Any CPU
		{43E0A64B-66B2-436C-A533-63ABF4F9E274}.Debug|Any CPU.ActiveCfg = Debug|Any CPU
		{43E0A64B-66B2-436C-A533-63ABF4F9E274}.Debug|Any CPU.Build.0 = Debug|Any CPU
		{43E0A64B-66B2-436C-A533-63ABF4F9E274}.Release|Any CPU.ActiveCfg = Release|Any CPU
		{43E0A64B-66B2-436C-A533-63ABF4F9E274}.Release|Any CPU.Build.0 = Release|Any CPU
		{4ECDA44D-1945-4317-B4DB-D33968DDFFDF}.Debug|Any CPU.ActiveCfg = Debug|Any CPU
		{4ECDA44D-1945-4317-B4DB-D33968DDFFDF}.Debug|Any CPU.Build.0 = Debug|Any CPU
		{4ECDA44D-1945-4317-B4DB-D33968DDFFDF}.Release|Any CPU.ActiveCfg = Release|Any CPU
		{4ECDA44D-1945-4317-B4DB-D33968DDFFDF}.Release|Any CPU.Build.0 = Release|Any CPU
	EndGlobalSection
	GlobalSection(SolutionProperties) = preSolution
		HideSolutionNode = FALSE
	EndGlobalSection
	GlobalSection(NestedProjects) = preSolution
		{4ECDA44D-1945-4317-B4DB-D33968DDFFDF} = {415FA57F-6C73-4B0F-8429-715805AE96C4}
	EndGlobalSection
EndGlobal
